
Microsoft Visual Studio Solution File, Format Version 12.00
# Visual Studio 15
VisualStudioVersion = 15.0.26510.0
MinimumVisualStudioVersion = 10.0.40219.1
Project("{FAE04EC0-301F-11D3-BF4B-00C04F79EFBC}") = "Anotacoes", "Anotacoes\Anotacoes.csproj", "{2C076C9F-3795-4246-8D92-5ACDB45DC47B}"
EndProject
Project("{FAE04EC0-301F-11D3-BF4B-00C04F79EFBC}") = "AnotacoesCons", "AnotacoesCons\AnotacoesCons.csproj", "{770CBF4A-5E17-4D84-AC23-1F2B51F7F79C}"
EndProject
Project("{FAE04EC0-301F-11D3-BF4B-00C04F79EFBC}") = "AnotacoesWF", "AnotacoesWF\AnotacoesWF.csproj", "{2070C03A-50C7-4CEC-9792-F1845B0D7452}"
EndProject
Global
	GlobalSection(SolutionConfigurationPlatforms) = preSolution
		Debug|Any CPU = Debug|Any CPU
		Release|Any CPU = Release|Any CPU
	EndGlobalSection
	GlobalSection(ProjectConfigurationPlatforms) = postSolution
		{2C076C9F-3795-4246-8D92-5ACDB45DC47B}.Debug|Any CPU.ActiveCfg = Debug|Any CPU
		{2C076C9F-3795-4246-8D92-5ACDB45DC47B}.Debug|Any CPU.Build.0 = Debug|Any CPU
		{2C076C9F-3795-4246-8D92-5ACDB45DC47B}.Release|Any CPU.ActiveCfg = Release|Any CPU
		{2C076C9F-3795-4246-8D92-5ACDB45DC47B}.Release|Any CPU.Build.0 = Release|Any CPU
		{770CBF4A-5E17-4D84-AC23-1F2B51F7F79C}.Debug|Any CPU.ActiveCfg = Debug|Any CPU
		{770CBF4A-5E17-4D84-AC23-1F2B51F7F79C}.Debug|Any CPU.Build.0 = Debug|Any CPU
		{770CBF4A-5E17-4D84-AC23-1F2B51F7F79C}.Release|Any CPU.ActiveCfg = Release|Any CPU
		{770CBF4A-5E17-4D84-AC23-1F2B51F7F79C}.Release|Any CPU.Build.0 = Release|Any CPU
		{2070C03A-50C7-4CEC-9792-F1845B0D7452}.Debug|Any CPU.ActiveCfg = Debug|Any CPU
		{2070C03A-50C7-4CEC-9792-F1845B0D7452}.Debug|Any CPU.Build.0 = Debug|Any CPU
		{2070C03A-50C7-4CEC-9792-F1845B0D7452}.Release|Any CPU.ActiveCfg = Release|Any CPU
		{2070C03A-50C7-4CEC-9792-F1845B0D7452}.Release|Any CPU.Build.0 = Release|Any CPU
	EndGlobalSection
	GlobalSection(SolutionProperties) = preSolution
		HideSolutionNode = FALSE
	EndGlobalSection
EndGlobal
